# This file is automatically @generated by Cargo.
# It is not intended for manual editing.
version = 4

[[package]]
name = "aho-corasick"
version = "1.1.4"
source = "registry+https://github.com/rust-lang/crates.io-index"
checksum = "ddd31a130427c27518df266943a5308ed92d4b226cc639f5a8f1002816174301"
dependencies = [
 "memchr",
]

[[package]]
name = "anstream"
version = "1.0.0"
source = "registry+https://github.com/rust-lang/crates.io-index"
checksum = "824a212faf96e9acacdbd09febd34438f8f711fb84e09a8916013cd7815ca28d"
dependencies = [
 "anstyle",
 "anstyle-parse",
 "anstyle-query",
 "anstyle-wincon",
 "colorchoice",
 "is_terminal_polyfill",
 "utf8parse",
]

[[package]]
name = "anstyle"
version = "1.0.14"
source = "registry+https://github.com/rust-lang/crates.io-index"
checksum = "940b3a0ca603d1eade50a4846a2afffd5ef57a9feac2c0e2ec2e14f9ead76000"

[[package]]
name = "anstyle-parse"
version = "1.0.0"
source = "registry+https://github.com/rust-lang/crates.io-index"
checksum = "52ce7f38b242319f7cabaa6813055467063ecdc9d355bbb4ce0c68908cd8130e"
dependencies = [
 "utf8parse",
]

[[package]]
name = "anstyle-query"
version = "1.1.5"
source = "registry+https://github.com/rust-lang/crates.io-index"
checksum = "40c48f72fd53cd289104fc64099abca73db4166ad86ea0b4341abe65af83dadc"
dependencies = [
 "windows-sys",
]

[[package]]
name = "anstyle-wincon"
version = "3.0.11"
source = "registry+https://github.com/rust-lang/crates.io-index"
checksum = "291e6a250ff86cd4a820112fb8898808a366d8f9f58ce16d1f538353ad55747d"
dependencies = [
 "anstyle",
 "once_cell_polyfill",
 "windows-sys",
]

[[package]]
name = "anyhow"
version = "1.0.103"
source = "registry+https://github.com/rust-lang/crates.io-index"
checksum = "2a4385e2e34eb35d6b3efe798b9eb88096925d87726c0798709bf56d9ed84af3"

[[package]]
name = "bitflags"
version = "1.3.2"
source = "registry+https://github.com/rust-lang/crates.io-index"
checksum = "bef38d45163c2f1dde094a7dfd33ccf595c92905c8f8f4fdc18d06fb1037718a"

[[package]]
name = "bitflags"
version = "2.13.0"
source = "registry+https://github.com/rust-lang/crates.io-index"
checksum = "b4388bee8683e3d04af747c73422af53102d2bd24d9eadb6cbc100baef4b43f8"

[[package]]
name = "buddy_system_allocator"
version = "0.13.0"
source = "registry+https://github.com/rust-lang/crates.io-index"
checksum = "c1af5a01adeeade54c9f5060300227a8ee64c05b6376f28e9b8ee3b72dd2056f"
dependencies = [
 "spin 0.10.0",
]

[[package]]
name = "bytemuck"
version = "1.25.0"
source = "registry+https://github.com/rust-lang/crates.io-index"
checksum = "c8efb64bd706a16a1bdde310ae86b351e4d21550d98d056f22f8a7f7a2183fec"
dependencies = [
 "bytemuck_derive",
]

[[package]]
name = "bytemuck_derive"
version = "1.10.2"
source = "registry+https://github.com/rust-lang/crates.io-index"
checksum = "f9abbd1bc6865053c427f7198e6af43bfdedc55ab791faed4fbd361d789575ff"
dependencies = [
 "proc-macro2",
 "quote",
 "syn 2.0.118",
]

[[package]]
name = "bytes"
version = "1.12.0"
source = "registry+https://github.com/rust-lang/crates.io-index"
checksum = "8ae3f5d315924270530207e2a68396c3cc547f6dca3fbdca317cfb1a51edb593"

[[package]]
name = "colorchoice"
version = "1.0.5"
source = "registry+https://github.com/rust-lang/crates.io-index"
checksum = "1d07550c9036bf2ae0c684c4297d503f838287c83c53686d05370d0e139ae570"

[[package]]
name = "defmt"
version = "1.1.0"
source = "registry+https://github.com/rust-lang/crates.io-index"
checksum = "a6e524506490a1953d237cb87b1cfc1e46f88c18f10a22dfe0f507dc6bfc7f7f"
dependencies = [
 "bitflags 1.3.2",
 "defmt-macros",
]

[[package]]
name = "defmt-macros"
version = "1.1.0"
source = "registry+https://github.com/rust-lang/crates.io-index"
checksum = "f0a27770e9c8f719a79d8b638281f4d828f77d8fd61e0bd94451b9b85e576a0b"
dependencies = [
 "defmt-parser",
 "proc-macro-error2",
 "proc-macro2",
 "quote",
 "syn 2.0.118",
]

[[package]]
name = "defmt-parser"
version = "1.0.0"
source = "registry+https://github.com/rust-lang/crates.io-index"
checksum = "10d60334b3b2e7c9d91ef8150abfb6fa4c1c39ebbcf4a81c2e346aad939fee3e"
dependencies = [
 "thiserror",
]

[[package]]
name = "dummyguest"
version = "0.10.0"
dependencies = [
 "hyperlight-common",
 "hyperlight-guest-bin",
]

[[package]]
name = "either"
version = "1.16.0"
source = "registry+https://github.com/rust-lang/crates.io-index"
checksum = "91622ff5e7162018101f2fea40d6ebf4a78bbe5a49736a2020649edf9693679e"

[[package]]
name = "env_filter"
version = "2.0.0"
source = "registry+https://github.com/rust-lang/crates.io-index"
checksum = "900d271a03799a1ee8d1ca9b19893b48ca674a9284fefcfb85f05e74ed314217"
dependencies = [
 "log",
 "regex",
]

[[package]]
name = "env_logger"
version = "0.11.11"
source = "registry+https://github.com/rust-lang/crates.io-index"
checksum = "de671bd27a75a797dc9ae289ba1e77276e75e2026408aab65185384e2d5cd3f6"
dependencies = [
 "anstream",
 "anstyle",
 "env_filter",
 "jiff",
 "log",
]

[[package]]
name = "equivalent"
version = "1.0.2"
source = "registry+https://github.com/rust-lang/crates.io-index"
checksum = "877a4ace8713b0bcf2a4e7eec82529c029f1d0619886d18145fea96c3ffe5c0f"

[[package]]
name = "fixedbitset"
version = "0.5.7"
source = "registry+https://github.com/rust-lang/crates.io-index"
checksum = "1d674e81391d1e1ab681a28d99df07927c6d4aa5b027d7da16ba32d1d21ecd99"

[[package]]
name = "flatbuffers"
version = "25.12.19"
source = "registry+https://github.com/rust-lang/crates.io-index"
checksum = "35f6839d7b3b98adde531effaf34f0c2badc6f4735d26fe74709d8e513a96ef3"
dependencies = [
 "bitflags 2.13.0",
 "rustc_version",
]

[[package]]
name = "foldhash"
version = "0.2.0"
source = "registry+https://github.com/rust-lang/crates.io-index"
checksum = "77ce24cb58228fbb8aa041425bb1050850ac19177686ea6e0f41a70416f56fdb"

[[package]]
name = "hashbrown"
version = "0.17.1"
source = "registry+https://github.com/rust-lang/crates.io-index"
checksum = "ed5909b6e89a2db4456e54cd5f673791d7eca6732202bbf2a9cc504fe2f9b84a"
dependencies = [
 "foldhash",
 "serde",
 "serde_core",
]

[[package]]
name = "hyperlight-common"
version = "0.16.0"
dependencies = [
 "anyhow",
 "bitflags 2.13.0",
 "bytemuck",
 "bytes",
 "fixedbitset",
 "flatbuffers",
 "log",
 "smallvec",
 "spin 0.12.2",
 "thiserror",
 "tracing-core",
]

[[package]]
name = "hyperlight-component-macro"
version = "0.16.0"
dependencies = [
 "env_logger",
 "hyperlight-component-util",
 "itertools",
 "prettyplease",
 "proc-macro2",
 "quote",
 "syn 3.0.2",
]

[[package]]
name = "hyperlight-component-util"
version = "0.16.0"
dependencies = [
 "itertools",
 "prettyplease",
 "proc-macro2",
 "quote",
 "syn 3.0.2",
 "tracing",
 "wasmparser",
 "wit-component",
 "wit-parser",
]

[[package]]
name = "hyperlight-guest"
version = "0.16.0"
dependencies = [
 "anyhow",
 "flatbuffers",
 "hyperlight-common",
 "hyperlight-guest-tracing",
 "serde_json",
 "tracing",
]

[[package]]
name = "hyperlight-guest-bin"
version = "0.16.0"
dependencies = [
 "buddy_system_allocator",
 "flatbuffers",
 "hyperlight-common",
 "hyperlight-guest",
 "hyperlight-guest-macro",
 "hyperlight-guest-tracing",
 "linkme",
 "log",
 "spin 0.12.2",
 "tracing",
]

[[package]]
name = "hyperlight-guest-macro"
version = "0.16.0"
dependencies = [
 "proc-macro-crate",
 "proc-macro2",
 "quote",
 "syn 3.0.2",
]

[[package]]
name = "hyperlight-guest-tracing"
version = "0.16.0"
dependencies = [
 "hyperlight-common",
 "spin 0.12.2",
 "tracing",
 "tracing-core",
]

[[package]]
name = "id-arena"
version = "2.3.0"
source = "registry+https://github.com/rust-lang/crates.io-index"
checksum = "3d3067d79b975e8844ca9eb072e16b31c3c1c36928edf9c6789548c524d0d954"

[[package]]
name = "indexmap"
version = "2.14.0"
source = "registry+https://github.com/rust-lang/crates.io-index"
checksum = "d466e9454f08e4a911e14806c24e16fba1b4c121d1ea474396f396069cf949d9"
dependencies = [
 "equivalent",
 "hashbrown",
 "serde",
 "serde_core",
]

[[package]]
name = "is_terminal_polyfill"
version = "1.70.2"
source = "registry+https://github.com/rust-lang/crates.io-index"
checksum = "a6cb138bb79a146c1bd460005623e142ef0181e3d0219cb493e02f7d08a35695"

[[package]]
name = "itertools"
version = "0.15.0"
source = "registry+https://github.com/rust-lang/crates.io-index"
checksum = "8b4baf93f58d4425749ca49a51c50ebab072c5df6994d08fed93541c331481dc"
dependencies = [
 "either",
]

[[package]]
name = "itoa"
version = "1.0.18"
source = "registry+https://github.com/rust-lang/crates.io-index"
checksum = "8f42a60cbdf9a97f5d2305f08a87dc4e09308d1276d28c869c684d7777685682"

[[package]]
name = "jiff"
version = "0.2.29"
source = "registry+https://github.com/rust-lang/crates.io-index"
checksum = "34f877a98676d2fb664698d74cc6a51ce6c484ce8c770f05d0108ec9090aeb46"
dependencies = [
 "defmt",
 "jiff-static",
 "log",
 "portable-atomic",
 "portable-atomic-util",
 "serde_core",
]

[[package]]
name = "jiff-static"
version = "0.2.29"
source = "registry+https://github.com/rust-lang/crates.io-index"
checksum = "0666b5ab5ecaca213fc2a85b8c0083d9004e84ee2d5f9a7e0017aaf50986f25f"
dependencies = [
 "proc-macro2",
 "quote",
 "syn 2.0.118",
]

[[package]]
name = "leb128fmt"
version = "0.1.0"
source = "registry+https://github.com/rust-lang/crates.io-index"
checksum = "09edd9e8b54e49e587e4f6295a7d29c3ea94d469cb40ab8ca70b288248a81db2"

[[package]]
name = "linkme"
version = "0.3.36"
source = "registry+https://github.com/rust-lang/crates.io-index"
checksum = "e83272d46373fb8decca684579ac3e7c8f3d71d4cc3aa693df8759e260ae41cf"
dependencies = [
 "linkme-impl",
]

[[package]]
name = "linkme-impl"
version = "0.3.36"
source = "registry+https://github.com/rust-lang/crates.io-index"
checksum = "32d59e20403c7d08fe62b4376edfe5c7fb2ef1e6b1465379686d0f21c8df444b"
dependencies = [
 "proc-macro2",
 "quote",
 "syn 2.0.118",
]

[[package]]
name = "lock_api"
version = "0.4.14"
source = "registry+https://github.com/rust-lang/crates.io-index"
checksum = "224399e74b87b5f3557511d98dff8b14089b3dadafcab6bb93eab67d3aace965"
dependencies = [
 "scopeguard",
]

[[package]]
name = "log"
version = "0.4.33"
source = "registry+https://github.com/rust-lang/crates.io-index"
checksum = "0ceec5bc11778974d1bcb055b18002eba7f4b3518b6a0081b3af5f21666da9ad"

[[package]]
name = "memchr"
version = "2.8.2"
source = "registry+https://github.com/rust-lang/crates.io-index"
checksum = "88904434abc2901f197fe8cc55f0445e7ded921dba5911dad2e2b39b48e663c4"

[[package]]
name = "once_cell"
version = "1.21.4"
source = "registry+https://github.com/rust-lang/crates.io-index"
checksum = "9f7c3e4beb33f85d45ae3e3a1792185706c8e16d043238c593331cc7cd313b50"

[[package]]
name = "once_cell_polyfill"
version = "1.70.2"
source = "registry+https://github.com/rust-lang/crates.io-index"
checksum = "384b8ab6d37215f3c5301a95a4accb5d64aa607f1fcb26a11b5303878451b4fe"

[[package]]
name = "pin-project-lite"
version = "0.2.17"
source = "registry+https://github.com/rust-lang/crates.io-index"
checksum = "a89322df9ebe1c1578d689c92318e070967d1042b512afbe49518723f4e6d5cd"

[[package]]
name = "portable-atomic"
version = "1.13.1"
source = "registry+https://github.com/rust-lang/crates.io-index"
checksum = "c33a9471896f1c69cecef8d20cbe2f7accd12527ce60845ff44c153bb2a21b49"

[[package]]
name = "portable-atomic-util"
version = "0.2.7"
source = "registry+https://github.com/rust-lang/crates.io-index"
checksum = "c2a106d1259c23fac8e543272398ae0e3c0b8d33c88ed73d0cc71b0f1d902618"
dependencies = [
 "portable-atomic",
]

[[package]]
name = "prettyplease"
version = "0.3.0"
source = "registry+https://github.com/rust-lang/crates.io-index"
checksum = "2bfe0f4c752e450fc2faf62654f1c134747922825d5b04ca717b8874f41a40c0"
dependencies = [
 "proc-macro2",
 "syn 3.0.2",
]

[[package]]
name = "proc-macro-crate"
version = "3.5.0"
source = "registry+https://github.com/rust-lang/crates.io-index"
checksum = "e67ba7e9b2b56446f1d419b1d807906278ffa1a658a8a5d8a39dcb1f5a78614f"
dependencies = [
 "toml_edit",
]

[[package]]
name = "proc-macro-error-attr2"
version = "2.0.0"
source = "registry+https://github.com/rust-lang/crates.io-index"
checksum = "96de42df36bb9bba5542fe9f1a054b8cc87e172759a1868aa05c1f3acc89dfc5"
dependencies = [
 "proc-macro2",
 "quote",
]

[[package]]
name = "proc-macro-error2"
version = "2.0.1"
source = "registry+https://github.com/rust-lang/crates.io-index"
checksum = "11ec05c52be0a07b08061f7dd003e7d7092e0472bc731b4af7bb1ef876109802"
dependencies = [
 "proc-macro-error-attr2",
 "proc-macro2",
 "quote",
 "syn 2.0.118",
]

[[package]]
name = "proc-macro2"
version = "1.0.106"
source = "registry+https://github.com/rust-lang/crates.io-index"
checksum = "8fd00f0bb2e90d81d1044c2b32617f68fcb9fa3bb7640c23e9c748e53fb30934"
dependencies = [
 "unicode-ident",
]

[[package]]
name = "quote"
version = "1.0.46"
source = "registry+https://github.com/rust-lang/crates.io-index"
checksum = "dfbc457d0c7a0759a614551b11a6409e5951f6c7537be1f1b7682b9ae9230368"
dependencies = [
 "proc-macro2",
]

[[package]]
name = "regex"
version = "1.12.4"
source = "registry+https://github.com/rust-lang/crates.io-index"
checksum = "f1292b7759ae1cb9ec195452d1390a074f0cd8541ab7a5a8c31cd6db45d4a6ba"
dependencies = [
 "aho-corasick",
 "memchr",
 "regex-automata",
 "regex-syntax",
]

[[package]]
name = "regex-automata"
version = "0.4.14"
source = "registry+https://github.com/rust-lang/crates.io-index"
checksum = "6e1dd4122fc1595e8162618945476892eefca7b88c52820e74af6262213cae8f"
dependencies = [
 "aho-corasick",
 "memchr",
 "regex-syntax",
]

[[package]]
name = "regex-syntax"
version = "0.8.11"
source = "registry+https://github.com/rust-lang/crates.io-index"
checksum = "d6f6ff9a378485b298a5286656da665ba74413d36db0979633275d2e708145d4"

[[package]]
name = "rustc_version"
version = "0.4.1"
source = "registry+https://github.com/rust-lang/crates.io-index"
checksum = "cfcb3a22ef46e85b45de6ee7e79d063319ebb6594faafcf1c225ea92ab6e9b92"
dependencies = [
 "semver",
]

[[package]]
name = "scopeguard"
version = "1.2.0"
source = "registry+https://github.com/rust-lang/crates.io-index"
checksum = "94143f37725109f92c262ed2cf5e59bce7498c01bcc1502d7b9afe439a4e9f49"

[[package]]
name = "semver"
version = "1.0.28"
source = "registry+https://github.com/rust-lang/crates.io-index"
checksum = "8a7852d02fc848982e0c167ef163aaff9cd91dc640ba85e263cb1ce46fae51cd"

[[package]]
name = "serde"
version = "1.0.228"
source = "registry+https://github.com/rust-lang/crates.io-index"
checksum = "9a8e94ea7f378bd32cbbd37198a4a91436180c5bb472411e48b5ec2e2124ae9e"
dependencies = [
 "serde_core",
]

[[package]]
name = "serde_core"
version = "1.0.228"
source = "registry+https://github.com/rust-lang/crates.io-index"
checksum = "41d385c7d4ca58e59fc732af25c3983b67ac852c1a25000afe1175de458b67ad"
dependencies = [
 "serde_derive",
]

[[package]]
name = "serde_derive"
version = "1.0.228"
source = "registry+https://github.com/rust-lang/crates.io-index"
checksum = "d540f220d3187173da220f885ab66608367b6574e925011a9353e4badda91d79"
dependencies = [
 "proc-macro2",
 "quote",
 "syn 2.0.118",
]

[[package]]
name = "serde_json"
version = "1.0.150"
source = "registry+https://github.com/rust-lang/crates.io-index"
checksum = "e8014e44b4736ed0538adeecded0fce2a272f22dc9578a7eb6b2d9993c74cfb9"
dependencies = [
 "itoa",
 "memchr",
 "serde",
 "serde_core",
 "zmij",
]

[[package]]
name = "simpleguest"
version = "0.10.0"
dependencies = [
 "hyperlight-common",
 "hyperlight-guest",
 "hyperlight-guest-bin",
 "hyperlight-guest-tracing",
 "log",
 "tracing",
]

[[package]]
name = "smallvec"
version = "1.15.2"
source = "registry+https://github.com/rust-lang/crates.io-index"
checksum = "8ed6a63f02c8539c91a8685a86f4099661ba3da017932f6ebbea6de3f0fa7c90"

[[package]]
name = "spin"
version = "0.10.0"
source = "registry+https://github.com/rust-lang/crates.io-index"
checksum = "d5fe4ccb98d9c292d56fec89a5e07da7fc4cf0dc11e156b41793132775d3e591"

[[package]]
name = "spin"
version = "0.12.2"
source = "registry+https://github.com/rust-lang/crates.io-index"
checksum = "8abadc99fd9c7bbb7d0ca2b31d72a067d0c0dcd7aad25ab8cac71ba91417694b"
dependencies = [
 "lock_api",
]

[[package]]
name = "syn"
version = "2.0.118"
source = "registry+https://github.com/rust-lang/crates.io-index"
checksum = "1b9ae57f904213ebb649ce6895b8a66c66f0203b9319718f69a5612a065b1422"
dependencies = [
 "proc-macro2",
 "quote",
 "unicode-ident",
]

[[package]]
name = "syn"
version = "3.0.2"
source = "registry+https://github.com/rust-lang/crates.io-index"
checksum = "a207d6d6a2b7fc470b80443726053f18a2481b7e1eee970597051596567987a3"
dependencies = [
 "proc-macro2",
 "quote",
 "unicode-ident",
]

[[package]]
name = "thiserror"
version = "2.0.18"
source = "registry+https://github.com/rust-lang/crates.io-index"
checksum = "4288b5bcbc7920c07a1149a35cf9590a2aa808e0bc1eafaade0b80947865fbc4"
dependencies = [
 "thiserror-impl",
]

[[package]]
name = "thiserror-impl"
version = "2.0.18"
source = "registry+https://github.com/rust-lang/crates.io-index"
checksum = "ebc4ee7f67670e9b64d05fa4253e753e016c6c95ff35b89b7941d6b856dec1d5"
dependencies = [
 "proc-macro2",
 "quote",
 "syn 2.0.118",
]

[[package]]
name = "toml_datetime"
version = "1.1.1+spec-1.1.0"
source = "registry+https://github.com/rust-lang/crates.io-index"
checksum = "3165f65f62e28e0115a00b2ebdd37eb6f3b641855f9d636d3cd4103767159ad7"
dependencies = [
 "serde_core",
]

[[package]]
name = "toml_edit"
version = "0.25.12+spec-1.1.0"
source = "registry+https://github.com/rust-lang/crates.io-index"
checksum = "d2153edc6955a6c354fad8f5efd38b6a8769bdccf9fe50f8e1329f81b0baa5d7"
dependencies = [
 "indexmap",
 "toml_datetime",
 "toml_parser",
 "winnow",
]

[[package]]
name = "toml_parser"
version = "1.1.2+spec-1.1.0"
source = "registry+https://github.com/rust-lang/crates.io-index"
checksum = "a2abe9b86193656635d2411dc43050282ca48aa31c2451210f4202550afb7526"
dependencies = [
 "winnow",
]

[[package]]
name = "tracing"
version = "0.1.44"
source = "registry+https://github.com/rust-lang/crates.io-index"
checksum = "63e71662fa4b2a2c3a26f570f037eb95bb1f85397f3cd8076caed2f026a6d100"
dependencies = [
 "log",
 "pin-project-lite",
 "tracing-attributes",
 "tracing-core",
]

[[package]]
name = "tracing-attributes"
version = "0.1.31"
source = "registry+https://github.com/rust-lang/crates.io-index"
checksum = "7490cfa5ec963746568740651ac6781f701c9c5ea257c58e057f3ba8cf69e8da"
dependencies = [
 "proc-macro2",
 "quote",
 "syn 2.0.118",
]

[[package]]
name = "tracing-core"
version = "0.1.36"
source = "registry+https://github.com/rust-lang/crates.io-index"
checksum = "db97caf9d906fbde555dd62fa95ddba9eecfd14cb388e4f491a66d74cd5fb79a"
dependencies = [
 "once_cell",
]

[[package]]
name = "unicode-ident"
version = "1.0.24"
source = "registry+https://github.com/rust-lang/crates.io-index"
checksum = "e6e4313cd5fcd3dad5cafa179702e2b244f760991f45397d14d4ebf38247da75"

[[package]]
name = "utf8parse"
version = "0.2.2"
source = "registry+https://github.com/rust-lang/crates.io-index"
checksum = "06abde3611657adf66d383f00b093d7faecc7fa57071cce2578660c9f1010821"

[[package]]
name = "wasm-encoder"
version = "0.255.0"
source = "registry+https://github.com/rust-lang/crates.io-index"
checksum = "9b524283fb5df62eec102ed0574838961bdd7ba5ac9c50d38e2756c51c971a42"
dependencies = [
 "leb128fmt",
 "wasmparser",
]

[[package]]
name = "wasm-metadata"
version = "0.255.0"
source = "registry+https://github.com/rust-lang/crates.io-index"
checksum = "4d3b0da506f1b8514517972fbc47057b21273cb619290f51ea31403c157f896c"
dependencies = [
 "anyhow",
 "indexmap",
 "wasm-encoder",
 "wasmparser",
]

[[package]]
name = "wasmparser"
version = "0.255.0"
source = "registry+https://github.com/rust-lang/crates.io-index"
checksum = "e8e329ef4b5d46e73b91d3ac6924417cad55a8cbbf869c199283383427c3320b"
dependencies = [
 "bitflags 2.13.0",
 "hashbrown",
 "indexmap",
 "semver",
 "serde",
]

[[package]]
name = "windows-link"
version = "0.2.1"
source = "registry+https://github.com/rust-lang/crates.io-index"
checksum = "f0805222e57f7521d6a62e36fa9163bc891acd422f971defe97d64e70d0a4fe5"

[[package]]
name = "windows-sys"
version = "0.61.2"
source = "registry+https://github.com/rust-lang/crates.io-index"
checksum = "ae137229bcbd6cdf0f7b80a31df61766145077ddf49416a728b02cb3921ff3fc"
dependencies = [
 "windows-link",
]

[[package]]
name = "winnow"
version = "1.0.3"
source = "registry+https://github.com/rust-lang/crates.io-index"
checksum = "0592e1c9d151f854e6fd382574c3a0855250e1d9b2f99d9281c6e6391af352f1"
dependencies = [
 "memchr",
]

[[package]]
name = "wit-component"
version = "0.255.0"
source = "registry+https://github.com/rust-lang/crates.io-index"
checksum = "b0c8948006f57458ae3b2103f2e0e33847a6cdf4f5c763bbe7540fa89f3039f1"
dependencies = [
 "anyhow",
 "bitflags 2.13.0",
 "indexmap",
 "log",
 "serde",
 "serde_derive",
 "serde_json",
 "wasm-encoder",
 "wasm-metadata",
 "wasmparser",
 "wit-parser",
]

[[package]]
name = "wit-parser"
version = "0.255.0"
source = "registry+https://github.com/rust-lang/crates.io-index"
checksum = "ab5f6371fc71f15730b756c1dea3562a67adab1a7e519c4ca010173d883695bb"
dependencies = [
 "anyhow",
 "hashbrown",
 "id-arena",
 "indexmap",
 "log",
 "semver",
 "serde",
 "serde_derive",
 "serde_json",
 "unicode-ident",
 "wasmparser",
]

[[package]]
name = "witguest"
version = "0.10.0"
dependencies = [
 "hyperlight-common",
 "hyperlight-component-macro",
 "hyperlight-guest",
 "hyperlight-guest-bin",
 "spin 0.12.2",
]

[[package]]
name = "zmij"
version = "1.0.21"
source = "registry+https://github.com/rust-lang/crates.io-index"
checksum = "b8848ee67ecc8aedbaf3e4122217aff892639231befc6a1b58d29fff4c2cabaa"